
Microsoft Visual Studio Solution File, Format Version 12.00
# Visual Studio Version 16
VisualStudioVersion = 16.0.31702.278
MinimumVisualStudioVersion = 10.0.40219.1
Project("{FAE04EC0-301F-11D3-BF4B-00C04F79EFBC}") = "LABSc", "LABSc.csproj", "{9469B24B-EE57-4615-A191-BC5048526C74}"
EndProject
Global
	GlobalSection(SolutionConfigurationPlatforms) = preSolution
		Debug|Any CPU = Debug|Any CPU
		Release|Any CPU = Release|Any CPU
	EndGlobalSection
	GlobalSection(ProjectConfigurationPlatforms) = postSolution
		{9469B24B-EE57-4615-A191-BC5048526C74}.Debug|Any CPU.ActiveCfg = Debug|Any CPU
		{9469B24B-EE57-4615-A191-BC5048526C74}.Debug|Any CPU.Build.0 = Debug|Any CPU
		{9469B24B-EE57-4615-A191-BC5048526C74}.Release|Any CPU.ActiveCfg = Release|Any CPU
		{9469B24B-EE57-4615-A191-BC5048526C74}.Release|Any CPU.Build.0 = Release|Any CPU
	EndGlobalSection
	GlobalSection(SolutionProperties) = preSolution
		HideSolutionNode = FALSE
	EndGlobalSection
	GlobalSection(ExtensibilityGlobals) = postSolution
		SolutionGuid = {61DEFAEF-2014-4060-802E-AC2648F30D44}
	EndGlobalSection
EndGlobal
